
Microsoft Visual Studio Solution File, Format Version 12.00
# Visual Studio Version 16
VisualStudioVersion = 16.0.31019.35
MinimumVisualStudioVersion = 10.0.40219.1
Project("{FAE04EC0-301F-11D3-BF4B-00C04F79EFBC}") = "UC10-Exception", "UC10-Exception\UC10-Exception.csproj", "{267D5BDE-0E10-4774-A850-24BBC2A9DB4E}"
EndProject
Global
	GlobalSection(SolutionConfigurationPlatforms) = preSolution
		Debug|Any CPU = Debug|Any CPU
		Release|Any CPU = Release|Any CPU
	EndGlobalSection
	GlobalSection(ProjectConfigurationPlatforms) = postSolution
		{267D5BDE-0E10-4774-A850-24BBC2A9DB4E}.Debug|Any CPU.ActiveCfg = Debug|Any CPU
		{267D5BDE-0E10-4774-A850-24BBC2A9DB4E}.Debug|Any CPU.Build.0 = Debug|Any CPU
		{267D5BDE-0E10-4774-A850-24BBC2A9DB4E}.Release|Any CPU.ActiveCfg = Release|Any CPU
		{267D5BDE-0E10-4774-A850-24BBC2A9DB4E}.Release|Any CPU.Build.0 = Release|Any CPU
	EndGlobalSection
	GlobalSection(SolutionProperties) = preSolution
		HideSolutionNode = FALSE
	EndGlobalSection
	GlobalSection(ExtensibilityGlobals) = postSolution
		SolutionGuid = {3BBA2621-F0E0-435D-AC8E-2A82DAD4032E}
	EndGlobalSection
EndGlobal
