
Microsoft Visual Studio Solution File, Format Version 12.00
# Visual Studio Version 16
VisualStudioVersion = 16.0.31019.35
MinimumVisualStudioVersion = 10.0.40219.1
Project("{FAE04EC0-301F-11D3-BF4B-00C04F79EFBC}") = "UC4-MobileNumber", "UC4-MobileNumber\UC4-MobileNumber.csproj", "{D906D68B-1951-4D1D-8798-B9FAA051D2A1}"
EndProject
Global
	GlobalSection(SolutionConfigurationPlatforms) = preSolution
		Debug|Any CPU = Debug|Any CPU
		Release|Any CPU = Release|Any CPU
	EndGlobalSection
	GlobalSection(ProjectConfigurationPlatforms) = postSolution
		{D906D68B-1951-4D1D-8798-B9FAA051D2A1}.Debug|Any CPU.ActiveCfg = Debug|Any CPU
		{D906D68B-1951-4D1D-8798-B9FAA051D2A1}.Debug|Any CPU.Build.0 = Debug|Any CPU
		{D906D68B-1951-4D1D-8798-B9FAA051D2A1}.Release|Any CPU.ActiveCfg = Release|Any CPU
		{D906D68B-1951-4D1D-8798-B9FAA051D2A1}.Release|Any CPU.Build.0 = Release|Any CPU
	EndGlobalSection
	GlobalSection(SolutionProperties) = preSolution
		HideSolutionNode = FALSE
	EndGlobalSection
	GlobalSection(ExtensibilityGlobals) = postSolution
		SolutionGuid = {B213B96D-9A69-4226-B442-E0991C8EE24B}
	EndGlobalSection
EndGlobal
